// !$*UTF8*$!
{
	archiveVersion = 1;
	classes = {
	};
	objectVersion = 70;
	objects = {

/* Begin PBXBuildFile section */
		2003E2CB2F2C9F9900CA574C /* QuantityButton.swift in Sources */ = {isa = PBXBuildFile; fileRef = 2003E2CA2F2C9F9900CA574C /* QuantityButton.swift */; };
		2003E2CE2F2CBE1300CA574C /* CustomNavigationBarView.swift in Sources */ = {isa = PBXBuildFile; fileRef = 2003E2CD2F2CBE1200CA574C /* CustomNavigationBarView.swift */; };
		2003E2D02F2CC8F300CA574C /* DATABASE_FIELDS.md in Resources */ = {isa = PBXBuildFile; fileRef = 2003E2CF2F2CC8F300CA574C /* DATABASE_FIELDS.md */; };
		200C3EFE2F392BE60070FF0B /* Nutrition.swift in Sources */ = {isa = PBXBuildFile; fileRef = 200C3EFD2F392BE40070FF0B /* Nutrition.swift */; };
		20229BDD2F2AAC8300E6A5A4 /* sushi_products.txt in Resources */ = {isa = PBXBuildFile; fileRef = 20229BDC2F2AAC8300E6A5A4 /* sushi_products.txt */; };
		20229BE02F2ABA0A00E6A5A4 /* SushiSet.swift in Sources */ = {isa = PBXBuildFile; fileRef = 20229BDF2F2ABA0A00E6A5A4 /* SushiSet.swift */; };
		2033AA1E2F29021700CFE426 /* CatalogSetRowView.swift in Sources */ = {isa = PBXBuildFile; fileRef = 2033AA1D2F29021700CFE426 /* CatalogSetRowView.swift */; };
		2064FC222F3018A20020A432 /* BasketRouter.swift in Sources */ = {isa = PBXBuildFile; fileRef = 2064FC202F3018A20020A432 /* BasketRouter.swift */; };
		2064FC232F3018A20020A432 /* ConfirmOrderView.swift in Sources */ = {isa = PBXBuildFile; fileRef = 2064FC1D2F3018A20020A432 /* ConfirmOrderView.swift */; };
		2064FC242F3018A20020A432 /* ConfirmOrderViewModel.swift in Sources */ = {isa = PBXBuildFile; fileRef = 2064FC1E2F3018A20020A432 /* ConfirmOrderViewModel.swift */; };
		2064FC262F31EE420020A432 /* ScreenContainer.swift in Sources */ = {isa = PBXBuildFile; fileRef = 2064FC252F31EE3F0020A432 /* ScreenContainer.swift */; };
		2064FC292F336E070020A432 /* BasketRowView.swift in Sources */ = {isa = PBXBuildFile; fileRef = 2064FC282F336DF90020A432 /* BasketRowView.swift */; };
		2064FC2C2F337EAA0020A432 /* SWIFT_MARKS_DOC.md in Resources */ = {isa = PBXBuildFile; fileRef = 2064FC2B2F337EAA0020A432 /* SWIFT_MARKS_DOC.md */; };
		209918DA2B1CC5D1000A9A86 /* DatabaseService.swift in Sources */ = {isa = PBXBuildFile; fileRef = 209918D92B1CC5D1000A9A86 /* DatabaseService.swift */; };
		209B10872F3B73600030BAAB /* SnapshotTesting in Frameworks */ = {isa = PBXBuildFile; productRef = 209B10862F3B73600030BAAB /* SnapshotTesting */; };
		20A077152F2C853D000B0DE6 /* QuantityPlusButton.swift in Sources */ = {isa = PBXBuildFile; fileRef = 20A077142F2C8525000B0DE6 /* QuantityPlusButton.swift */; };
		20A0771A2F2C8544000B0DEA /* AddToBasketButton.swift in Sources */ = {isa = PBXBuildFile; fileRef = 20A0771B2F2C8545000B0DEB /* AddToBasketButton.swift */; };
		20A0771E2F2C8548000B0DEE /* QuantityStepperButton.swift in Sources */ = {isa = PBXBuildFile; fileRef = 20A0771F2F2C8549000B0DEF /* QuantityStepperButton.swift */; };
		20A1C0D02F40000100A432 /* YandexCatalogService.swift in Sources */ = {isa = PBXBuildFile; fileRef = 20A1C0D12F40000100A432 /* YandexCatalogService.swift */; };
		20A1C0D42F40000300A432 /* YandexOrderService.swift in Sources */ = {isa = PBXBuildFile; fileRef = 20A1C0D52F40000300A432 /* YandexOrderService.swift */; };
		20BE6BF52B20F967009ABA83 /* Order.swift in Sources */ = {isa = PBXBuildFile; fileRef = 20BE6BF42B20F967009ABA83 /* Order.swift */; };
		20C706F12F2BB56900B9B4DD /* Sushi.swift in Sources */ = {isa = PBXBuildFile; fileRef = 20C706F02F2BB56300B9B4DD /* Sushi.swift */; };
		20C706F32F2C086C00B9B4DD /* SushiRowView.swift in Sources */ = {isa = PBXBuildFile; fileRef = 20C706F22F2C086C00B9B4DD /* SushiRowView.swift */; };
		20C878A32F539BE500D65BAF /* String+Extensions.swift in Sources */ = {isa = PBXBuildFile; fileRef = 20C878A22F539BD800D65BAF /* String+Extensions.swift */; };
		20FA1D7A2F3CAF6F0025020E /* WhiteOrBlackButton.swift in Sources */ = {isa = PBXBuildFile; fileRef = 20FA1D792F3CAF5E0025020E /* WhiteOrBlackButton.swift */; };
		20FA1D7D2F3CCADE0025020E /* OrderAcceptedViewModel.swift in Sources */ = {isa = PBXBuildFile; fileRef = 20FA1D7C2F3CCADE0025020E /* OrderAcceptedViewModel.swift */; };
		20FA1D7E2F3CCADE0025020E /* OrderAcceptedView.swift in Sources */ = {isa = PBXBuildFile; fileRef = 20FA1D7B2F3CCADE0025020E /* OrderAcceptedView.swift */; };
		20FONT022F4000000A432 /* Font+Extensions.swift in Sources */ = {isa = PBXBuildFile; fileRef = 20FONT012F4000000A432 /* Font+Extensions.swift */; };
		20ORDER012F4000000A432 /* OrderDataStorage.swift in Sources */ = {isa = PBXBuildFile; fileRef = 20ORDER022F4000000A432 /* OrderDataStorage.swift */; };
		20PHONE012F40000100A432 /* PhoneNumberTextField.swift in Sources */ = {isa = PBXBuildFile; fileRef = 20PHONE022F40000100A432 /* PhoneNumberTextField.swift */; };
		20URLIMG012F539C0000A432 /* AsyncImage+URLImage.swift in Sources */ = {isa = PBXBuildFile; fileRef = 20URLIMG022F539C0000A432 /* AsyncImage+URLImage.swift */; };
		304CB7BD2B0A572500ABBEA9 /* MainTabBar.swift in Sources */ = {isa = PBXBuildFile; fileRef = 304CB7BC2B0A572500ABBEA9 /* MainTabBar.swift */; };
		304CB7C12B0A60B100ABBEA9 /* CatalogView.swift in Sources */ = {isa = PBXBuildFile; fileRef = 304CB7C02B0A60B100ABBEA9 /* CatalogView.swift */; };
		304CB7C52B0A60ED00ABBEA9 /* BasketView.swift in Sources */ = {isa = PBXBuildFile; fileRef = 304CB7C42B0A60ED00ABBEA9 /* BasketView.swift */; };
		304CB7CC2B0CEF4F00ABBEA9 /* Product.swift in Sources */ = {isa = PBXBuildFile; fileRef = 304CB7CB2B0CEF4F00ABBEA9 /* Product.swift */; };
		304CB7DA2B0D000F00ABBEA9 /* CatalogViewModel.swift in Sources */ = {isa = PBXBuildFile; fileRef = 304CB7D92B0D000F00ABBEA9 /* CatalogViewModel.swift */; };
		304CB7E12B0D1B9000ABBEA9 /* ProductDetailView.swift in Sources */ = {isa = PBXBuildFile; fileRef = 304CB7E02B0D1B9000ABBEA9 /* ProductDetailView.swift */; };
		3051E6942B0F7CD800575BD5 /* ProductDetailViewModel.swift in Sources */ = {isa = PBXBuildFile; fileRef = 3051E6932B0F7CD800575BD5 /* ProductDetailViewModel.swift */; };
		30AE46132B0F988500C74BD8 /* BasketViewModel.swift in Sources */ = {isa = PBXBuildFile; fileRef = 30AE46122B0F988500C74BD8 /* BasketViewModel.swift */; };
		30AE46162B0F98CB00C74BD8 /* Position.swift in Sources */ = {isa = PBXBuildFile; fileRef = 30AE46152B0F98CB00C74BD8 /* Position.swift */; };
		30FD82CC2AF52E0300D94BA7 /* AsiaShopApp.swift in Sources */ = {isa = PBXBuildFile; fileRef = 30FD82CB2AF52E0300D94BA7 /* AsiaShopApp.swift */; };
		30FD82D02AF52E0E00D94BA7 /* Assets.xcassets in Resources */ = {isa = PBXBuildFile; fileRef = 30FD82CF2AF52E0E00D94BA7 /* Assets.xcassets */; };
		30FD82D32AF52E0E00D94BA7 /* Preview Assets.xcassets in Resources */ = {isa = PBXBuildFile; fileRef = 30FD82D22AF52E0E00D94BA7 /* Preview Assets.xcassets */; };
/* End PBXBuildFile section */

/* Begin PBXContainerItemProxy section */
		209B10802F3B69340030BAAB /* PBXContainerItemProxy */ = {
			isa = PBXContainerItemProxy;
			containerPortal = 30FD82C02AF52E0300D94BA7 /* Project object */;
			proxyType = 1;
			remoteGlobalIDString = 30FD82C72AF52E0300D94BA7;
			remoteInfo = AsiaShop;
		};
/* End PBXContainerItemProxy section */

/* Begin PBXFileReference section */
		2003E2CA2F2C9F9900CA574C /* QuantityButton.swift */ = {isa = PBXFileReference; lastKnownFileType = sourcecode.swift; path = QuantityButton.swift; sourceTree = "<group>"; };
		2003E2CD2F2CBE1200CA574C /* CustomNavigationBarView.swift */ = {isa = PBXFileReference; lastKnownFileType = sourcecode.swift; path = CustomNavigationBarView.swift; sourceTree = "<group>"; };
		2003E2CF2F2CC8F300CA574C /* DATABASE_FIELDS.md */ = {isa = PBXFileReference; lastKnownFileType = net.daringfireball.markdown; path = DATABASE_FIELDS.md; sourceTree = "<group>"; };
		200C3EFD2F392BE40070FF0B /* Nutrition.swift */ = {isa = PBXFileReference; lastKnownFileType = sourcecode.swift; path = Nutrition.swift; sourceTree = "<group>"; };
		20229BDC2F2AAC8300E6A5A4 /* sushi_products.txt */ = {isa = PBXFileReference; lastKnownFileType = text; path = sushi_products.txt; sourceTree = "<group>"; };
		20229BDF2F2ABA0A00E6A5A4 /* SushiSet.swift */ = {isa = PBXFileReference; lastKnownFileType = sourcecode.swift; path = SushiSet.swift; sourceTree = "<group>"; };
		2033AA1D2F29021700CFE426 /* CatalogSetRowView.swift */ = {isa = PBXFileReference; lastKnownFileType = sourcecode.swift; path = CatalogSetRowView.swift; sourceTree = "<group>"; };
		2064FC1D2F3018A20020A432 /* ConfirmOrderView.swift */ = {isa = PBXFileReference; lastKnownFileType = sourcecode.swift; path = ConfirmOrderView.swift; sourceTree = "<group>"; };
		2064FC1E2F3018A20020A432 /* ConfirmOrderViewModel.swift */ = {isa = PBXFileReference; lastKnownFileType = sourcecode.swift; path = ConfirmOrderViewModel.swift; sourceTree = "<group>"; };
		2064FC202F3018A20020A432 /* BasketRouter.swift */ = {isa = PBXFileReference; lastKnownFileType = sourcecode.swift; path = BasketRouter.swift; sourceTree = "<group>"; };
		2064FC252F31EE3F0020A432 /* ScreenContainer.swift */ = {isa = PBXFileReference; lastKnownFileType = sourcecode.swift; path = ScreenContainer.swift; sourceTree = "<group>"; };
		2064FC282F336DF90020A432 /* BasketRowView.swift */ = {isa = PBXFileReference; lastKnownFileType = sourcecode.swift; path = BasketRowView.swift; sourceTree = "<group>"; };
		2064FC2B2F337EAA0020A432 /* SWIFT_MARKS_DOC.md */ = {isa = PBXFileReference; lastKnownFileType = net.daringfireball.markdown; path = SWIFT_MARKS_DOC.md; sourceTree = "<group>"; };
		209918D92B1CC5D1000A9A86 /* DatabaseService.swift */ = {isa = PBXFileReference; lastKnownFileType = sourcecode.swift; path = DatabaseService.swift; sourceTree = "<group>"; };
		209B107C2F3B69340030BAAB /* AsiaShopTests.xctest */ = {isa = PBXFileReference; explicitFileType = wrapper.cfbundle; includeInIndex = 0; path = AsiaShopTests.xctest; sourceTree = BUILT_PRODUCTS_DIR; };
		20A077142F2C8525000B0DE6 /* QuantityPlusButton.swift */ = {isa = PBXFileReference; lastKnownFileType = sourcecode.swift; path = QuantityPlusButton.swift; sourceTree = "<group>"; };
		20A0771B2F2C8545000B0DEB /* AddToBasketButton.swift */ = {isa = PBXFileReference; lastKnownFileType = sourcecode.swift; path = AddToBasketButton.swift; sourceTree = "<group>"; };
		20A0771F2F2C8549000B0DEF /* QuantityStepperButton.swift */ = {isa = PBXFileReference; lastKnownFileType = sourcecode.swift; path = QuantityStepperButton.swift; sourceTree = "<group>"; };
		20A1C0D12F40000100A432 /* YandexCatalogService.swift */ = {isa = PBXFileReference; lastKnownFileType = sourcecode.swift; path = YandexCatalogService.swift; sourceTree = "<group>"; };
		20A1C0D52F40000300A432 /* YandexOrderService.swift */ = {isa = PBXFileReference; lastKnownFileType = sourcecode.swift; path = YandexOrderService.swift; sourceTree = "<group>"; };
		20BE6BF42B20F967009ABA83 /* Order.swift */ = {isa = PBXFileReference; lastKnownFileType = sourcecode.swift; path = Order.swift; sourceTree = "<group>"; };
		20C706F02F2BB56300B9B4DD /* Sushi.swift */ = {isa = PBXFileReference; lastKnownFileType = sourcecode.swift; path = Sushi.swift; sourceTree = "<group>"; };
		20C706F22F2C086C00B9B4DD /* SushiRowView.swift */ = {isa = PBXFileReference; lastKnownFileType = sourcecode.swift; path = SushiRowView.swift; sourceTree = "<group>"; };
		20C878A22F539BD800D65BAF /* String+Extensions.swift */ = {isa = PBXFileReference; lastKnownFileType = sourcecode.swift; path = "String+Extensions.swift"; sourceTree = "<group>"; };
		20FA1D792F3CAF5E0025020E /* WhiteOrBlackButton.swift */ = {isa = PBXFileReference; lastKnownFileType = sourcecode.swift; path = WhiteOrBlackButton.swift; sourceTree = "<group>"; };
		20FA1D7B2F3CCADE0025020E /* OrderAcceptedView.swift */ = {isa = PBXFileReference; lastKnownFileType = sourcecode.swift; path = OrderAcceptedView.swift; sourceTree = "<group>"; };
		20FA1D7C2F3CCADE0025020E /* OrderAcceptedViewModel.swift */ = {isa = PBXFileReference; lastKnownFileType = sourcecode.swift; path = OrderAcceptedViewModel.swift; sourceTree = "<group>"; };
		20FONT012F4000000A432 /* Font+Extensions.swift */ = {isa = PBXFileReference; lastKnownFileType = sourcecode.swift; path = "Font+Extensions.swift"; sourceTree = "<group>"; };
		20ORDER022F4000000A432 /* OrderDataStorage.swift */ = {isa = PBXFileReference; lastKnownFileType = sourcecode.swift; path = OrderDataStorage.swift; sourceTree = "<group>"; };
		20PHONE022F40000100A432 /* PhoneNumberTextField.swift */ = {isa = PBXFileReference; lastKnownFileType = sourcecode.swift; path = PhoneNumberTextField.swift; sourceTree = "<group>"; };
		20URLIMG022F539C0000A432 /* AsyncImage+URLImage.swift */ = {isa = PBXFileReference; lastKnownFileType = sourcecode.swift; path = "AsyncImage+URLImage.swift"; sourceTree = "<group>"; };
		304CB7BC2B0A572500ABBEA9 /* MainTabBar.swift */ = {isa = PBXFileReference; lastKnownFileType = sourcecode.swift; path = MainTabBar.swift; sourceTree = "<group>"; };
		304CB7C02B0A60B100ABBEA9 /* CatalogView.swift */ = {isa = PBXFileReference; lastKnownFileType = sourcecode.swift; path = CatalogView.swift; sourceTree = "<group>"; };
		304CB7C42B0A60ED00ABBEA9 /* BasketView.swift */ = {isa = PBXFileReference; lastKnownFileType = sourcecode.swift; path = BasketView.swift; sourceTree = "<group>"; };
		304CB7CB2B0CEF4F00ABBEA9 /* Product.swift */ = {isa = PBXFileReference; lastKnownFileType = sourcecode.swift; path = Product.swift; sourceTree = "<group>"; };
		304CB7D92B0D000F00ABBEA9 /* CatalogViewModel.swift */ = {isa = PBXFileReference; lastKnownFileType = sourcecode.swift; path = CatalogViewModel.swift; sourceTree = "<group>"; };
		304CB7E02B0D1B9000ABBEA9 /* ProductDetailView.swift */ = {isa = PBXFileReference; lastKnownFileType = sourcecode.swift; path = ProductDetailView.swift; sourceTree = "<group>"; };
		3051E6932B0F7CD800575BD5 /* ProductDetailViewModel.swift */ = {isa = PBXFileReference; lastKnownFileType = sourcecode.swift; path = ProductDetailViewModel.swift; sourceTree = "<group>"; };
		30AE46122B0F988500C74BD8 /* BasketViewModel.swift */ = {isa = PBXFileReference; lastKnownFileType = sourcecode.swift; path = BasketViewModel.swift; sourceTree = "<group>"; };
		30AE46152B0F98CB00C74BD8 /* Position.swift */ = {isa = PBXFileReference; lastKnownFileType = sourcecode.swift; path = Position.swift; sourceTree = "<group>"; };
		30FD82C82AF52E0300D94BA7 /* AsiaShop.app */ = {isa = PBXFileReference; explicitFileType = wrapper.application; includeInIndex = 0; path = AsiaShop.app; sourceTree = BUILT_PRODUCTS_DIR; };
		30FD82CB2AF52E0300D94BA7 /* AsiaShopApp.swift */ = {isa = PBXFileReference; lastKnownFileType = sourcecode.swift; path = AsiaShopApp.swift; sourceTree = "<group>"; };
		30FD82CF2AF52E0E00D94BA7 /* Assets.xcassets */ = {isa = PBXFileReference; lastKnownFileType = folder.assetcatalog; path = Assets.xcassets; sourceTree = "<group>"; };
		30FD82D22AF52E0E00D94BA7 /* Preview Assets.xcassets */ = {isa = PBXFileReference; lastKnownFileType = folder.assetcatalog; path = "Preview Assets.xcassets"; sourceTree = "<group>"; };
		30FD82D42AF52E0E00D94BA7 /* Info.plist */ = {isa = PBXFileReference; lastKnownFileType = text.plist.xml; path = Info.plist; sourceTree = "<group>"; };
/* End PBXFileReference section */

/* Begin PBXFileSystemSynchronizedRootGroup section */
		209B107D2F3B69340030BAAB /* AsiaShopTests */ = {isa = PBXFileSystemSynchronizedRootGroup; explicitFileTypes = {}; explicitFolders = (); path = AsiaShopTests; sourceTree = "<group>"; };
/* End PBXFileSystemSynchronizedRootGroup section */

/* Begin PBXFrameworksBuildPhase section */
		209B10792F3B69340030BAAB /* Frameworks */ = {
			isa = PBXFrameworksBuildPhase;
			buildActionMask = 2147483647;
			files = (
				209B10872F3B73600030BAAB /* SnapshotTesting in Frameworks */,
			);
			runOnlyForDeploymentPostprocessing = 0;
		};
		30FD82C52AF52E0300D94BA7 /* Frameworks */ = {
			isa = PBXFrameworksBuildPhase;
			buildActionMask = 2147483647;
			files = (
			);
			runOnlyForDeploymentPostprocessing = 0;
		};
/* End PBXFrameworksBuildPhase section */

/* Begin PBXGroup section */
		2003E2CC2F2CBDB500CA574C /* Navigation */ = {
			isa = PBXGroup;
			children = (
				2003E2CD2F2CBE1200CA574C /* CustomNavigationBarView.swift */,
			);
			path = Navigation;
			sourceTree = "<group>";
		};
		2033AA1B2F27E92300CFE426 /* MVVC */ = {
			isa = PBXGroup;
			children = (
				2064FC1F2F3018A20020A432 /* ConfirmOrder */,
				20DB80BB2F33ADDC00F3DFD3 /* ProductDetailView */,
				2003E2CC2F2CBDB500CA574C /* Navigation */,
				20A738F42F2B69D300EF5DD4 /* TabBar */,
				20A738F32F2B620B00EF5DD4 /* Basket */,
				2033AA1C2F28CDFD00CFE426 /* Catalog */,
			);
			path = MVVC;
			sourceTree = "<group>";
		};
		2033AA1C2F28CDFD00CFE426 /* Catalog */ = {
			isa = PBXGroup;
			children = (
				2064FC2A2F3371010020A432 /* Views */,
				304CB7D92B0D000F00ABBEA9 /* CatalogViewModel.swift */,
				304CB7C02B0A60B100ABBEA9 /* CatalogView.swift */,
			);
			path = Catalog;
			sourceTree = "<group>";
		};
		2064FC1F2F3018A20020A432 /* ConfirmOrder */ = {
			isa = PBXGroup;
			children = (
				20FA1D7B2F3CCADE0025020E /* OrderAcceptedView.swift */,
				20FA1D7C2F3CCADE0025020E /* OrderAcceptedViewModel.swift */,
				2064FC1D2F3018A20020A432 /* ConfirmOrderView.swift */,
				2064FC1E2F3018A20020A432 /* ConfirmOrderViewModel.swift */,
			);
			path = ConfirmOrder;
			sourceTree = "<group>";
		};
		2064FC212F3018A20020A432 /* Router */ = {
			isa = PBXGroup;
			children = (
				2064FC202F3018A20020A432 /* BasketRouter.swift */,
			);
			path = Router;
			sourceTree = "<group>";
		};
		2064FC272F336DE70020A432 /* Views */ = {
			isa = PBXGroup;
			children = (
				2064FC282F336DF90020A432 /* BasketRowView.swift */,
			);
			path = Views;
			sourceTree = "<group>";
		};
		2064FC2A2F3371010020A432 /* Views */ = {
			isa = PBXGroup;
			children = (
				20C706F22F2C086C00B9B4DD /* SushiRowView.swift */,
				2033AA1D2F29021700CFE426 /* CatalogSetRowView.swift */,
			);
			path = Views;
			sourceTree = "<group>";
		};
		20A738F32F2B620B00EF5DD4 /* Basket */ = {
			isa = PBXGroup;
			children = (
				2064FC272F336DE70020A432 /* Views */,
				2064FC212F3018A20020A432 /* Router */,
				30AE46122B0F988500C74BD8 /* BasketViewModel.swift */,
				304CB7C42B0A60ED00ABBEA9 /* BasketView.swift */,
			);
			path = Basket;
			sourceTree = "<group>";
		};
		20A738F42F2B69D300EF5DD4 /* TabBar */ = {
			isa = PBXGroup;
			children = (
				304CB7BC2B0A572500ABBEA9 /* MainTabBar.swift */,
			);
			path = TabBar;
			sourceTree = "<group>";
		};
		20C706ED2F2BA97400B9B4DD /* Buttons */ = {
			isa = PBXGroup;
			children = (
				20FA1D792F3CAF5E0025020E /* WhiteOrBlackButton.swift */,
				20A0771B2F2C8545000B0DEB /* AddToBasketButton.swift */,
				20A0771F2F2C8549000B0DEF /* QuantityStepperButton.swift */,
				20A077142F2C8525000B0DE6 /* QuantityPlusButton.swift */,
				2003E2CA2F2C9F9900CA574C /* QuantityButton.swift */,
			);
			path = Buttons;
			sourceTree = "<group>";
		};
		20DB80BB2F33ADDC00F3DFD3 /* ProductDetailView */ = {
			isa = PBXGroup;
			children = (
				304CB7E02B0D1B9000ABBEA9 /* ProductDetailView.swift */,
				3051E6932B0F7CD800575BD5 /* ProductDetailViewModel.swift */,
			);
			path = ProductDetailView;
			sourceTree = "<group>";
		};
		20DBE8A72B18F589005F3FA7 /* Services */ = {
			isa = PBXGroup;
			children = (
				209918D92B1CC5D1000A9A86 /* DatabaseService.swift */,
				20A1C0D12F40000100A432 /* YandexCatalogService.swift */,
				20A1C0D52F40000300A432 /* YandexOrderService.swift */,
				20ORDER022F4000000A432 /* OrderDataStorage.swift */,
			);
			path = Services;
			sourceTree = "<group>";
		};
		20FONT042F4000000A432 /* Extensions */ = {
			isa = PBXGroup;
			children = (
				20C878A22F539BD800D65BAF /* String+Extensions.swift */,
				20FONT012F4000000A432 /* Font+Extensions.swift */,
			);
			path = Extensions;
			sourceTree = "<group>";
		};
		304CB7CA2B0CEF0600ABBEA9 /* Components */ = {
			isa = PBXGroup;
			children = (
				2064FC252F31EE3F0020A432 /* ScreenContainer.swift */,
				20PHONE022F40000100A432 /* PhoneNumberTextField.swift */,
				20C706ED2F2BA97400B9B4DD /* Buttons */,
				20URLIMG022F539C0000A432 /* AsyncImage+URLImage.swift */,
			);
			path = Components;
			sourceTree = "<group>";
		};
		304CB7D82B0CFFD900ABBEA9 /* Model */ = {
			isa = PBXGroup;
			children = (
				200C3EFD2F392BE40070FF0B /* Nutrition.swift */,
				20C706F02F2BB56300B9B4DD /* Sushi.swift */,
				20229BDF2F2ABA0A00E6A5A4 /* SushiSet.swift */,
				304CB7CB2B0CEF4F00ABBEA9 /* Product.swift */,
				30AE46152B0F98CB00C74BD8 /* Position.swift */,
				20BE6BF42B20F967009ABA83 /* Order.swift */,
			);
			name = Model;
			sourceTree = "<group>";
		};
		30FD82BF2AF52E0300D94BA7 = {
			isa = PBXGroup;
			children = (
				2064FC2B2F337EAA0020A432 /* SWIFT_MARKS_DOC.md */,
				2003E2CF2F2CC8F300CA574C /* DATABASE_FIELDS.md */,
				20229BDC2F2AAC8300E6A5A4 /* sushi_products.txt */,
				30FD82CA2AF52E0300D94BA7 /* AsiaShop */,
				209B107D2F3B69340030BAAB /* AsiaShopTests */,
				30FD82C92AF52E0300D94BA7 /* Products */,
			);
			sourceTree = "<group>";
		};
		30FD82C92AF52E0300D94BA7 /* Products */ = {
			isa = PBXGroup;
			children = (
				30FD82C82AF52E0300D94BA7 /* AsiaShop.app */,
				209B107C2F3B69340030BAAB /* AsiaShopTests.xctest */,
			);
			name = Products;
			sourceTree = "<group>";
		};
		30FD82CA2AF52E0300D94BA7 /* AsiaShop */ = {
			isa = PBXGroup;
			children = (
				20FONT042F4000000A432 /* Extensions */,
				2033AA1B2F27E92300CFE426 /* MVVC */,
				20DBE8A72B18F589005F3FA7 /* Services */,
				30FD82CB2AF52E0300D94BA7 /* AsiaShopApp.swift */,
				304CB7D82B0CFFD900ABBEA9 /* Model */,
				304CB7CA2B0CEF0600ABBEA9 /* Components */,
				30FD82CF2AF52E0E00D94BA7 /* Assets.xcassets */,
				30FD82D42AF52E0E00D94BA7 /* Info.plist */,
				30FD82D12AF52E0E00D94BA7 /* Preview Content */,
			);
			path = AsiaShop;
			sourceTree = "<group>";
		};
		30FD82D12AF52E0E00D94BA7 /* Preview Content */ = {
			isa = PBXGroup;
			children = (
				30FD82D22AF52E0E00D94BA7 /* Preview Assets.xcassets */,
			);
			path = "Preview Content";
			sourceTree = "<group>";
		};
/* End PBXGroup section */

/* Begin PBXNativeTarget section */
		209B107B2F3B69340030BAAB /* AsiaShopTests */ = {
			isa = PBXNativeTarget;
			buildConfigurationList = 209B10842F3B69340030BAAB /* Build configuration list for PBXNativeTarget "AsiaShopTests" */;
			buildPhases = (
				209B10782F3B69340030BAAB /* Sources */,
				209B10792F3B69340030BAAB /* Frameworks */,
				209B107A2F3B69340030BAAB /* Resources */,
			);
			buildRules = (
			);
			dependencies = (
				209B10812F3B69340030BAAB /* PBXTargetDependency */,
			);
			fileSystemSynchronizedGroups = (
				209B107D2F3B69340030BAAB /* AsiaShopTests */,
			);
			name = AsiaShopTests;
			packageProductDependencies = (
				209B10862F3B73600030BAAB /* SnapshotTesting */,
			);
			productName = AsiaShopTests;
			productReference = 209B107C2F3B69340030BAAB /* AsiaShopTests.xctest */;
			productType = "com.apple.product-type.bundle.unit-test";
		};
		30FD82C72AF52E0300D94BA7 /* AsiaShop */ = {
			isa = PBXNativeTarget;
			buildConfigurationList = 30FD82D72AF52E0E00D94BA7 /* Build configuration list for PBXNativeTarget "AsiaShop" */;
			buildPhases = (
				30FD82C42AF52E0300D94BA7 /* Sources */,
				30FD82C52AF52E0300D94BA7 /* Frameworks */,
				30FD82C62AF52E0300D94BA7 /* Resources */,
			);
			buildRules = (
			);
			dependencies = (
			);
			name = AsiaShop;
			packageProductDependencies = (
			);
			productName = AsiaShop;
			productReference = 30FD82C82AF52E0300D94BA7 /* AsiaShop.app */;
			productType = "com.apple.product-type.application";
		};
/* End PBXNativeTarget section */

/* Begin PBXProject section */
		30FD82C02AF52E0300D94BA7 /* Project object */ = {
			isa = PBXProject;
			attributes = {
				LastSwiftUpdateCheck = 2610;
				LastUpgradeCheck = 1230;
				TargetAttributes = {
					209B107B2F3B69340030BAAB = {
						CreatedOnToolsVersion = 26.1;
						TestTargetID = 30FD82C72AF52E0300D94BA7;
					};
					30FD82C72AF52E0300D94BA7 = {
						CreatedOnToolsVersion = 12.3;
					};
				};
			};
			buildConfigurationList = 30FD82C32AF52E0300D94BA7 /* Build configuration list for PBXProject "AsiaShop" */;
			compatibilityVersion = "Xcode 9.3";
			developmentRegion = en;
			hasScannedForEncodings = 0;
			knownRegions = (
				en,
				Base,
			);
			mainGroup = 30FD82BF2AF52E0300D94BA7;
			packageReferences = (
				209B10852F3B73600030BAAB /* XCRemoteSwiftPackageReference "swift-snapshot-testing" */,
			);
			productRefGroup = 30FD82C92AF52E0300D94BA7 /* Products */;
			projectDirPath = "";
			projectRoot = "";
			targets = (
				30FD82C72AF52E0300D94BA7 /* AsiaShop */,
				209B107B2F3B69340030BAAB /* AsiaShopTests */,
			);
		};
/* End PBXProject section */

/* Begin PBXResourcesBuildPhase section */
		209B107A2F3B69340030BAAB /* Resources */ = {
			isa = PBXResourcesBuildPhase;
			buildActionMask = 2147483647;
			files = (
			);
			runOnlyForDeploymentPostprocessing = 0;
		};
		30FD82C62AF52E0300D94BA7 /* Resources */ = {
			isa = PBXResourcesBuildPhase;
			buildActionMask = 2147483647;
			files = (
				30FD82D32AF52E0E00D94BA7 /* Preview Assets.xcassets in Resources */,
				30FD82D02AF52E0E00D94BA7 /* Assets.xcassets in Resources */,
				2064FC2C2F337EAA0020A432 /* SWIFT_MARKS_DOC.md in Resources */,
				2003E2D02F2CC8F300CA574C /* DATABASE_FIELDS.md in Resources */,
				20229BDD2F2AAC8300E6A5A4 /* sushi_products.txt in Resources */,
			);
			runOnlyForDeploymentPostprocessing = 0;
		};
/* End PBXResourcesBuildPhase section */

/* Begin PBXSourcesBuildPhase section */
		209B10782F3B69340030BAAB /* Sources */ = {
			isa = PBXSourcesBuildPhase;
			buildActionMask = 2147483647;
			files = (
			);
			runOnlyForDeploymentPostprocessing = 0;
		};
		30FD82C42AF52E0300D94BA7 /* Sources */ = {
			isa = PBXSourcesBuildPhase;
			buildActionMask = 2147483647;
			files = (
				209918DA2B1CC5D1000A9A86 /* DatabaseService.swift in Sources */,
				20A1C0D02F40000100A432 /* YandexCatalogService.swift in Sources */,
				20A1C0D42F40000300A432 /* YandexOrderService.swift in Sources */,
				20ORDER012F4000000A432 /* OrderDataStorage.swift in Sources */,
				20URLIMG012F539C0000A432 /* AsyncImage+URLImage.swift in Sources */,
				20C878A32F539BE500D65BAF /* String+Extensions.swift in Sources */,
				2033AA1E2F29021700CFE426 /* CatalogSetRowView.swift in Sources */,
				20BE6BF52B20F967009ABA83 /* Order.swift in Sources */,
				200C3EFE2F392BE60070FF0B /* Nutrition.swift in Sources */,
				2064FC262F31EE420020A432 /* ScreenContainer.swift in Sources */,
				20PHONE012F40000100A432 /* PhoneNumberTextField.swift in Sources */,
				20C706F12F2BB56900B9B4DD /* Sushi.swift in Sources */,
				304CB7C52B0A60ED00ABBEA9 /* BasketView.swift in Sources */,
				2064FC292F336E070020A432 /* BasketRowView.swift in Sources */,
				304CB7E12B0D1B9000ABBEA9 /* ProductDetailView.swift in Sources */,
				304CB7BD2B0A572500ABBEA9 /* MainTabBar.swift in Sources */,
				20229BE02F2ABA0A00E6A5A4 /* SushiSet.swift in Sources */,
				304CB7C12B0A60B100ABBEA9 /* CatalogView.swift in Sources */,
				20A0771A2F2C8544000B0DEA /* AddToBasketButton.swift in Sources */,
				20FA1D7A2F3CAF6F0025020E /* WhiteOrBlackButton.swift in Sources */,
				20A0771E2F2C8548000B0DEE /* QuantityStepperButton.swift in Sources */,
				20A077152F2C853D000B0DE6 /* QuantityPlusButton.swift in Sources */,
				3051E6942B0F7CD800575BD5 /* ProductDetailViewModel.swift in Sources */,
				2003E2CB2F2C9F9900CA574C /* QuantityButton.swift in Sources */,
				30AE46162B0F98CB00C74BD8 /* Position.swift in Sources */,
				2064FC222F3018A20020A432 /* BasketRouter.swift in Sources */,
				2064FC232F3018A20020A432 /* ConfirmOrderView.swift in Sources */,
				2064FC242F3018A20020A432 /* ConfirmOrderViewModel.swift in Sources */,
				20FONT022F4000000A432 /* Font+Extensions.swift in Sources */,
				2003E2CE2F2CBE1300CA574C /* CustomNavigationBarView.swift in Sources */,
				20FA1D7D2F3CCADE0025020E /* OrderAcceptedViewModel.swift in Sources */,
				20FA1D7E2F3CCADE0025020E /* OrderAcceptedView.swift in Sources */,
				30FD82CC2AF52E0300D94BA7 /* AsiaShopApp.swift in Sources */,
				304CB7CC2B0CEF4F00ABBEA9 /* Product.swift in Sources */,
				20C706F32F2C086C00B9B4DD /* SushiRowView.swift in Sources */,
				30AE46132B0F988500C74BD8 /* BasketViewModel.swift in Sources */,
				304CB7DA2B0D000F00ABBEA9 /* CatalogViewModel.swift in Sources */,
			);
			runOnlyForDeploymentPostprocessing = 0;
		};
/* End PBXSourcesBuildPhase section */

/* Begin PBXTargetDependency section */
		209B10812F3B69340030BAAB /* PBXTargetDependency */ = {
			isa = PBXTargetDependency;
			target = 30FD82C72AF52E0300D94BA7 /* AsiaShop */;
			targetProxy = 209B10802F3B69340030BAAB /* PBXContainerItemProxy */;
		};
/* End PBXTargetDependency section */

/* Begin XCBuildConfiguration section */
		209B10822F3B69340030BAAB /* Debug */ = {
			isa = XCBuildConfiguration;
			buildSettings = {
				ASSETCATALOG_COMPILER_GENERATE_SWIFT_ASSET_SYMBOL_EXTENSIONS = YES;
				BUNDLE_LOADER = "$(TEST_HOST)";
				CLANG_CXX_LANGUAGE_STANDARD = "gnu++20";
				CODE_SIGN_STYLE = Automatic;
				CURRENT_PROJECT_VERSION = 1;
				ENABLE_USER_SCRIPT_SANDBOXING = YES;
				GCC_C_LANGUAGE_STANDARD = gnu17;
				GENERATE_INFOPLIST_FILE = YES;
				IPHONEOS_DEPLOYMENT_TARGET = 26.1;
				LOCALIZATION_PREFERS_STRING_CATALOGS = YES;
				MARKETING_VERSION = 1.0;
				PRODUCT_BUNDLE_IDENTIFIER = romanhoishyk.AsiaShopTests;
				PRODUCT_NAME = "$(TARGET_NAME)";
				STRING_CATALOG_GENERATE_SYMBOLS = NO;
				SWIFT_ACTIVE_COMPILATION_CONDITIONS = "DEBUG $(inherited)";
				SWIFT_APPROACHABLE_CONCURRENCY = YES;
				SWIFT_EMIT_LOC_STRINGS = NO;
				SWIFT_UPCOMING_FEATURE_MEMBER_IMPORT_VISIBILITY = YES;
				SWIFT_VERSION = 5.0;
				TARGETED_DEVICE_FAMILY = "1,2";
				TEST_HOST = "$(BUILT_PRODUCTS_DIR)/AsiaShop.app/$(BUNDLE_EXECUTABLE_FOLDER_PATH)/AsiaShop";
			};
			name = Debug;
		};
		209B10832F3B69340030BAAB /* Release */ = {
			isa = XCBuildConfiguration;
			buildSettings = {
				ASSETCATALOG_COMPILER_GENERATE_SWIFT_ASSET_SYMBOL_EXTENSIONS = YES;
				BUNDLE_LOADER = "$(TEST_HOST)";
				CLANG_CXX_LANGUAGE_STANDARD = "gnu++20";
				CODE_SIGN_STYLE = Automatic;
				CURRENT_PROJECT_VERSION = 1;
				ENABLE_USER_SCRIPT_SANDBOXING = YES;
				GCC_C_LANGUAGE_STANDARD = gnu17;
				GENERATE_INFOPLIST_FILE = YES;
				IPHONEOS_DEPLOYMENT_TARGET = 26.1;
				LOCALIZATION_PREFERS_STRING_CATALOGS = YES;
				MARKETING_VERSION = 1.0;
				PRODUCT_BUNDLE_IDENTIFIER = romanhoishyk.AsiaShopTests;
				PRODUCT_NAME = "$(TARGET_NAME)";
				STRING_CATALOG_GENERATE_SYMBOLS = NO;
				SWIFT_APPROACHABLE_CONCURRENCY = YES;
				SWIFT_EMIT_LOC_STRINGS = NO;
				SWIFT_UPCOMING_FEATURE_MEMBER_IMPORT_VISIBILITY = YES;
				SWIFT_VERSION = 5.0;
				TARGETED_DEVICE_FAMILY = "1,2";
				TEST_HOST = "$(BUILT_PRODUCTS_DIR)/AsiaShop.app/$(BUNDLE_EXECUTABLE_FOLDER_PATH)/AsiaShop";
			};
			name = Release;
		};
		30FD82D52AF52E0E00D94BA7 /* Debug */ = {
			isa = XCBuildConfiguration;
			buildSettings = {
				ALWAYS_SEARCH_USER_PATHS = NO;
				CLANG_ANALYZER_NONNULL = YES;
				CLANG_ANALYZER_NUMBER_OBJECT_CONVERSION = YES_AGGRESSIVE;
				CLANG_CXX_LANGUAGE_STANDARD = "gnu++14";
				CLANG_CXX_LIBRARY = "libc++";
				CLANG_ENABLE_MODULES = YES;
				CLANG_ENABLE_OBJC_ARC = YES;
				CLANG_ENABLE_OBJC_WEAK = YES;
				CLANG_WARN_BLOCK_CAPTURE_AUTORELEASING = YES;
				CLANG_WARN_BOOL_CONVERSION = YES;
				CLANG_WARN_COMMA = YES;
				CLANG_WARN_CONSTANT_CONVERSION = YES;
				CLANG_WARN_DEPRECATED_OBJC_IMPLEMENTATIONS = YES;
				CLANG_WARN_DIRECT_OBJC_ISA_USAGE = YES_ERROR;
				CLANG_WARN_DOCUMENTATION_COMMENTS = YES;
				CLANG_WARN_EMPTY_BODY = YES;
				CLANG_WARN_ENUM_CONVERSION = YES;
				CLANG_WARN_INFINITE_RECURSION = YES;
				CLANG_WARN_INT_CONVERSION = YES;
				CLANG_WARN_NON_LITERAL_NULL_CONVERSION = YES;
				CLANG_WARN_OBJC_IMPLICIT_RETAIN_SELF = YES;
				CLANG_WARN_OBJC_LITERAL_CONVERSION = YES;
				CLANG_WARN_OBJC_ROOT_CLASS = YES_ERROR;
				CLANG_WARN_QUOTED_INCLUDE_IN_FRAMEWORK_HEADER = YES;
				CLANG_WARN_RANGE_LOOP_ANALYSIS = YES;
				CLANG_WARN_STRICT_PROTOTYPES = YES;
				CLANG_WARN_SUSPICIOUS_MOVE = YES;
				CLANG_WARN_UNGUARDED_AVAILABILITY = YES_AGGRESSIVE;
				CLANG_WARN_UNREACHABLE_CODE = YES;
				CLANG_WARN__DUPLICATE_METHOD_MATCH = YES;
				COPY_PHASE_STRIP = NO;
				DEBUG_INFORMATION_FORMAT = dwarf;
				ENABLE_STRICT_OBJC_MSGSEND = YES;
				ENABLE_TESTABILITY = YES;
				GCC_C_LANGUAGE_STANDARD = gnu11;
				GCC_DYNAMIC_NO_PIC = NO;
				GCC_NO_COMMON_BLOCKS = YES;
				GCC_OPTIMIZATION_LEVEL = 0;
				GCC_PREPROCESSOR_DEFINITIONS = (
					"DEBUG=1",
					"$(inherited)",
				);
				GCC_WARN_64_TO_32_BIT_CONVERSION = YES;
				GCC_WARN_ABOUT_RETURN_TYPE = YES_ERROR;
				GCC_WARN_UNDECLARED_SELECTOR = YES;
				GCC_WARN_UNINITIALIZED_AUTOS = YES_AGGRESSIVE;
				GCC_WARN_UNUSED_FUNCTION = YES;
				GCC_WARN_UNUSED_VARIABLE = YES;
				IPHONEOS_DEPLOYMENT_TARGET = 15.0;
				MTL_ENABLE_DEBUG_INFO = INCLUDE_SOURCE;
				MTL_FAST_MATH = YES;
				ONLY_ACTIVE_ARCH = YES;
				SDKROOT = iphoneos;
				SWIFT_ACTIVE_COMPILATION_CONDITIONS = DEBUG;
				SWIFT_OPTIMIZATION_LEVEL = "-Onone";
			};
			name = Debug;
		};
		30FD82D62AF52E0E00D94BA7 /* Release */ = {
			isa = XCBuildConfiguration;
			buildSettings = {
				ALWAYS_SEARCH_USER_PATHS = NO;
				CLANG_ANALYZER_NONNULL = YES;
				CLANG_ANALYZER_NUMBER_OBJECT_CONVERSION = YES_AGGRESSIVE;
				CLANG_CXX_LANGUAGE_STANDARD = "gnu++14";
				CLANG_CXX_LIBRARY = "libc++";
				CLANG_ENABLE_MODULES = YES;
				CLANG_ENABLE_OBJC_ARC = YES;
				CLANG_ENABLE_OBJC_WEAK = YES;
				CLANG_WARN_BLOCK_CAPTURE_AUTORELEASING = YES;
				CLANG_WARN_BOOL_CONVERSION = YES;
				CLANG_WARN_COMMA = YES;
				CLANG_WARN_CONSTANT_CONVERSION = YES;
				CLANG_WARN_DEPRECATED_OBJC_IMPLEMENTATIONS = YES;
				CLANG_WARN_DIRECT_OBJC_ISA_USAGE = YES_ERROR;
				CLANG_WARN_DOCUMENTATION_COMMENTS = YES;
				CLANG_WARN_EMPTY_BODY = YES;
				CLANG_WARN_ENUM_CONVERSION = YES;
				CLANG_WARN_INFINITE_RECURSION = YES;
				CLANG_WARN_INT_CONVERSION = YES;
				CLANG_WARN_NON_LITERAL_NULL_CONVERSION = YES;
				CLANG_WARN_OBJC_IMPLICIT_RETAIN_SELF = YES;
				CLANG_WARN_OBJC_LITERAL_CONVERSION = YES;
				CLANG_WARN_OBJC_ROOT_CLASS = YES_ERROR;
				CLANG_WARN_QUOTED_INCLUDE_IN_FRAMEWORK_HEADER = YES;
				CLANG_WARN_RANGE_LOOP_ANALYSIS = YES;
				CLANG_WARN_STRICT_PROTOTYPES = YES;
				CLANG_WARN_SUSPICIOUS_MOVE = YES;
				CLANG_WARN_UNGUARDED_AVAILABILITY = YES_AGGRESSIVE;
				CLANG_WARN_UNREACHABLE_CODE = YES;
				CLANG_WARN__DUPLICATE_METHOD_MATCH = YES;
				COPY_PHASE_STRIP = NO;
				DEBUG_INFORMATION_FORMAT = "dwarf-with-dsym";
				ENABLE_NS_ASSERTIONS = NO;
				ENABLE_STRICT_OBJC_MSGSEND = YES;
				GCC_C_LANGUAGE_STANDARD = gnu11;
				GCC_NO_COMMON_BLOCKS = YES;
				GCC_WARN_64_TO_32_BIT_CONVERSION = YES;
				GCC_WARN_ABOUT_RETURN_TYPE = YES_ERROR;
				GCC_WARN_UNDECLARED_SELECTOR = YES;
				GCC_WARN_UNINITIALIZED_AUTOS = YES_AGGRESSIVE;
				GCC_WARN_UNUSED_FUNCTION = YES;
				GCC_WARN_UNUSED_VARIABLE = YES;
				IPHONEOS_DEPLOYMENT_TARGET = 15.0;
				MTL_ENABLE_DEBUG_INFO = NO;
				MTL_FAST_MATH = YES;
				SDKROOT = iphoneos;
				SWIFT_COMPILATION_MODE = wholemodule;
				SWIFT_OPTIMIZATION_LEVEL = "-O";
				VALIDATE_PRODUCT = YES;
			};
			name = Release;
		};
		30FD82D82AF52E0E00D94BA7 /* Debug */ = {
			isa = XCBuildConfiguration;
			buildSettings = {
				ASSETCATALOG_COMPILER_APPICON_NAME = AppIcon;
				ASSETCATALOG_COMPILER_GLOBAL_ACCENT_COLOR_NAME = AccentColor;
				"CODE_SIGN_IDENTITY[sdk=iphoneos*]" = "iPhone Distribution";
				CODE_SIGN_STYLE = Manual;
				DEVELOPMENT_ASSET_PATHS = "\"AsiaShop/Preview Content\"";
				DEVELOPMENT_TEAM = "";
				"DEVELOPMENT_TEAM[sdk=iphoneos*]" = 5YQ567888B;
				ENABLE_PREVIEWS = YES;
				INFOPLIST_FILE = AsiaShop/Info.plist;
				IPHONEOS_DEPLOYMENT_TARGET = 15.0;
				LD_RUNPATH_SEARCH_PATHS = (
					"$(inherited)",
					"@executable_path/Frameworks",
				);
				PRODUCT_BUNDLE_IDENTIFIER = Roman.AsiaShop;
				PRODUCT_NAME = "$(TARGET_NAME)";
				PROVISIONING_PROFILE_SPECIFIER = "";
				"PROVISIONING_PROFILE_SPECIFIER[sdk=iphoneos*]" = "AsiaShop Distribution";
				SWIFT_VERSION = 5.0;
				TARGETED_DEVICE_FAMILY = "1,2";
			};
			name = Debug;
		};
		30FD82D92AF52E0E00D94BA7 /* Release */ = {
			isa = XCBuildConfiguration;
			buildSettings = {
				ASSETCATALOG_COMPILER_APPICON_NAME = AppIcon;
				ASSETCATALOG_COMPILER_GLOBAL_ACCENT_COLOR_NAME = AccentColor;
				"CODE_SIGN_IDENTITY[sdk=iphoneos*]" = "iPhone Distribution";
				CODE_SIGN_STYLE = Manual;
				DEVELOPMENT_ASSET_PATHS = "\"AsiaShop/Preview Content\"";
				DEVELOPMENT_TEAM = "";
				"DEVELOPMENT_TEAM[sdk=iphoneos*]" = 5YQ567888B;
				ENABLE_PREVIEWS = YES;
				INFOPLIST_FILE = AsiaShop/Info.plist;
				IPHONEOS_DEPLOYMENT_TARGET = 15.0;
				LD_RUNPATH_SEARCH_PATHS = (
					"$(inherited)",
					"@executable_path/Frameworks",
				);
				PRODUCT_BUNDLE_IDENTIFIER = Roman.AsiaShop;
				PRODUCT_NAME = "$(TARGET_NAME)";
				PROVISIONING_PROFILE_SPECIFIER = "";
				"PROVISIONING_PROFILE_SPECIFIER[sdk=iphoneos*]" = "AsiaShop Distribution";
				SWIFT_VERSION = 5.0;
				TARGETED_DEVICE_FAMILY = "1,2";
			};
			name = Release;
		};
/* End XCBuildConfiguration section */

/* Begin XCConfigurationList section */
		209B10842F3B69340030BAAB /* Build configuration list for PBXNativeTarget "AsiaShopTests" */ = {
			isa = XCConfigurationList;
			buildConfigurations = (
				209B10822F3B69340030BAAB /* Debug */,
				209B10832F3B69340030BAAB /* Release */,
			);
			defaultConfigurationIsVisible = 0;
			defaultConfigurationName = Release;
		};
		30FD82C32AF52E0300D94BA7 /* Build configuration list for PBXProject "AsiaShop" */ = {
			isa = XCConfigurationList;
			buildConfigurations = (
				30FD82D52AF52E0E00D94BA7 /* Debug */,
				30FD82D62AF52E0E00D94BA7 /* Release */,
			);
			defaultConfigurationIsVisible = 0;
			defaultConfigurationName = Release;
		};
		30FD82D72AF52E0E00D94BA7 /* Build configuration list for PBXNativeTarget "AsiaShop" */ = {
			isa = XCConfigurationList;
			buildConfigurations = (
				30FD82D82AF52E0E00D94BA7 /* Debug */,
				30FD82D92AF52E0E00D94BA7 /* Release */,
			);
			defaultConfigurationIsVisible = 0;
			defaultConfigurationName = Release;
		};
/* End XCConfigurationList section */

/* Begin XCRemoteSwiftPackageReference section */
		209B10852F3B73600030BAAB /* XCRemoteSwiftPackageReference "swift-snapshot-testing" */ = {
			isa = XCRemoteSwiftPackageReference;
			repositoryURL = "https://github.com/pointfreeco/swift-snapshot-testing";
			requirement = {
				kind = upToNextMajorVersion;
				minimumVersion = 1.18.9;
			};
		};
/* End XCRemoteSwiftPackageReference section */

/* Begin XCSwiftPackageProductDependency section */
		209B10862F3B73600030BAAB /* SnapshotTesting */ = {
			isa = XCSwiftPackageProductDependency;
			package = 209B10852F3B73600030BAAB /* XCRemoteSwiftPackageReference "swift-snapshot-testing" */;
			productName = SnapshotTesting;
		};
/* End XCSwiftPackageProductDependency section */
	};
	rootObject = 30FD82C02AF52E0300D94BA7 /* Project object */;
}
