// !$*UTF8*$!
{
	archiveVersion = 1;
	classes = {
	};
	objectVersion = 54;
	objects = {

/* Begin PBXBuildFile section */
		203A631E2B26636C00AD5EDA /* OrderCell.swift in Sources */ = {isa = PBXBuildFile; fileRef = 203A631D2B26636C00AD5EDA /* OrderCell.swift */; };
		2043586F2EDDBC57007D5116 /* GoogleService-Info.plist in Resources */ = {isa = PBXBuildFile; fileRef = 2043586E2EDDBC57007D5116 /* GoogleService-Info.plist */; };
		204358722EDDC5BF007D5116 /* FirebaseAuth in Frameworks */ = {isa = PBXBuildFile; productRef = 204358712EDDC5BF007D5116 /* FirebaseAuth */; };
		204358752EDDC605007D5116 /* FirebaseFirestore in Frameworks */ = {isa = PBXBuildFile; productRef = 204358742EDDC605007D5116 /* FirebaseFirestore */; };
		209918D62B1A3FB6000A9A86 /* MainTapBarViewModel.swift in Sources */ = {isa = PBXBuildFile; fileRef = 209918D52B1A3FB6000A9A86 /* MainTapBarViewModel.swift */; };
		209918D82B1CC40C000A9A86 /* Profile.swift in Sources */ = {isa = PBXBuildFile; fileRef = 209918D72B1CC40C000A9A86 /* Profile.swift */; };
		209918DA2B1CC5D1000A9A86 /* DatabaseService.swift in Sources */ = {isa = PBXBuildFile; fileRef = 209918D92B1CC5D1000A9A86 /* DatabaseService.swift */; };
		20A14CBB2B1E7A680068A4CC /* ProfileViewModel.swift in Sources */ = {isa = PBXBuildFile; fileRef = 20A14CBA2B1E7A680068A4CC /* ProfileViewModel.swift */; };
		20BE6BF52B20F967009ABA83 /* Order.swift in Sources */ = {isa = PBXBuildFile; fileRef = 20BE6BF42B20F967009ABA83 /* Order.swift */; };
		20BE6BF72B211714009ABA83 /* OrderStatus.swift in Sources */ = {isa = PBXBuildFile; fileRef = 20BE6BF62B211714009ABA83 /* OrderStatus.swift */; };
		20DBE8A62B18F584005F3FA7 /* AuthService.swift in Sources */ = {isa = PBXBuildFile; fileRef = 20DBE8A52B18F584005F3FA7 /* AuthService.swift */; };
		304CB7BD2B0A572500ABBEA9 /* MainTabBar.swift in Sources */ = {isa = PBXBuildFile; fileRef = 304CB7BC2B0A572500ABBEA9 /* MainTabBar.swift */; };
		304CB7C12B0A60B100ABBEA9 /* CatalogView.swift in Sources */ = {isa = PBXBuildFile; fileRef = 304CB7C02B0A60B100ABBEA9 /* CatalogView.swift */; };
		304CB7C52B0A60ED00ABBEA9 /* BasketView.swift in Sources */ = {isa = PBXBuildFile; fileRef = 304CB7C42B0A60ED00ABBEA9 /* BasketView.swift */; };
		304CB7C82B0A610B00ABBEA9 /* ProvileView.swift in Sources */ = {isa = PBXBuildFile; fileRef = 304CB7C72B0A610B00ABBEA9 /* ProvileView.swift */; };
		304CB7CC2B0CEF4F00ABBEA9 /* Product.swift in Sources */ = {isa = PBXBuildFile; fileRef = 304CB7CB2B0CEF4F00ABBEA9 /* Product.swift */; };
		304CB7D62B0CF0A500ABBEA9 /* ProductCell.swift in Sources */ = {isa = PBXBuildFile; fileRef = 304CB7D52B0CF0A500ABBEA9 /* ProductCell.swift */; };
		304CB7DA2B0D000F00ABBEA9 /* CatalogViewModel.swift in Sources */ = {isa = PBXBuildFile; fileRef = 304CB7D92B0D000F00ABBEA9 /* CatalogViewModel.swift */; };
		304CB7E12B0D1B9000ABBEA9 /* ProductDetailView.swift in Sources */ = {isa = PBXBuildFile; fileRef = 304CB7E02B0D1B9000ABBEA9 /* ProductDetailView.swift */; };
		3051E6942B0F7CD800575BD5 /* ProductDetailViewModel.swift in Sources */ = {isa = PBXBuildFile; fileRef = 3051E6932B0F7CD800575BD5 /* ProductDetailViewModel.swift */; };
		30AE46132B0F988500C74BD8 /* BasketViewModel.swift in Sources */ = {isa = PBXBuildFile; fileRef = 30AE46122B0F988500C74BD8 /* BasketViewModel.swift */; };
		30AE46162B0F98CB00C74BD8 /* Position.swift in Sources */ = {isa = PBXBuildFile; fileRef = 30AE46152B0F98CB00C74BD8 /* Position.swift */; };
		30AE46192B10D7C000C74BD8 /* PositionCell.swift in Sources */ = {isa = PBXBuildFile; fileRef = 30AE46182B10D7C000C74BD8 /* PositionCell.swift */; };
		30FD82CC2AF52E0300D94BA7 /* AsiaShopApp.swift in Sources */ = {isa = PBXBuildFile; fileRef = 30FD82CB2AF52E0300D94BA7 /* AsiaShopApp.swift */; };
		30FD82CE2AF52E0300D94BA7 /* AuthView.swift in Sources */ = {isa = PBXBuildFile; fileRef = 30FD82CD2AF52E0300D94BA7 /* AuthView.swift */; };
		30FD82D02AF52E0E00D94BA7 /* Assets.xcassets in Resources */ = {isa = PBXBuildFile; fileRef = 30FD82CF2AF52E0E00D94BA7 /* Assets.xcassets */; };
		30FD82D32AF52E0E00D94BA7 /* Preview Assets.xcassets in Resources */ = {isa = PBXBuildFile; fileRef = 30FD82D22AF52E0E00D94BA7 /* Preview Assets.xcassets */; };
/* End PBXBuildFile section */

/* Begin PBXFileReference section */
		203A631D2B26636C00AD5EDA /* OrderCell.swift */ = {isa = PBXFileReference; lastKnownFileType = sourcecode.swift; path = OrderCell.swift; sourceTree = "<group>"; };
		2043586E2EDDBC57007D5116 /* GoogleService-Info.plist */ = {isa = PBXFileReference; lastKnownFileType = text.plist.xml; path = "GoogleService-Info.plist"; sourceTree = "<group>"; };
		209918D52B1A3FB6000A9A86 /* MainTapBarViewModel.swift */ = {isa = PBXFileReference; lastKnownFileType = sourcecode.swift; path = MainTapBarViewModel.swift; sourceTree = "<group>"; };
		209918D72B1CC40C000A9A86 /* Profile.swift */ = {isa = PBXFileReference; lastKnownFileType = sourcecode.swift; path = Profile.swift; sourceTree = "<group>"; };
		209918D92B1CC5D1000A9A86 /* DatabaseService.swift */ = {isa = PBXFileReference; lastKnownFileType = sourcecode.swift; path = DatabaseService.swift; sourceTree = "<group>"; };
		20A14CBA2B1E7A680068A4CC /* ProfileViewModel.swift */ = {isa = PBXFileReference; lastKnownFileType = sourcecode.swift; path = ProfileViewModel.swift; sourceTree = "<group>"; };
		20BE6BF42B20F967009ABA83 /* Order.swift */ = {isa = PBXFileReference; lastKnownFileType = sourcecode.swift; path = Order.swift; sourceTree = "<group>"; };
		20BE6BF62B211714009ABA83 /* OrderStatus.swift */ = {isa = PBXFileReference; lastKnownFileType = sourcecode.swift; path = OrderStatus.swift; sourceTree = "<group>"; };
		20DBE8A52B18F584005F3FA7 /* AuthService.swift */ = {isa = PBXFileReference; lastKnownFileType = sourcecode.swift; path = AuthService.swift; sourceTree = "<group>"; };
		304CB7BC2B0A572500ABBEA9 /* MainTabBar.swift */ = {isa = PBXFileReference; lastKnownFileType = sourcecode.swift; path = MainTabBar.swift; sourceTree = "<group>"; };
		304CB7C02B0A60B100ABBEA9 /* CatalogView.swift */ = {isa = PBXFileReference; lastKnownFileType = sourcecode.swift; path = CatalogView.swift; sourceTree = "<group>"; };
		304CB7C42B0A60ED00ABBEA9 /* BasketView.swift */ = {isa = PBXFileReference; lastKnownFileType = sourcecode.swift; path = BasketView.swift; sourceTree = "<group>"; };
		304CB7C72B0A610B00ABBEA9 /* ProvileView.swift */ = {isa = PBXFileReference; lastKnownFileType = sourcecode.swift; path = ProvileView.swift; sourceTree = "<group>"; };
		304CB7CB2B0CEF4F00ABBEA9 /* Product.swift */ = {isa = PBXFileReference; lastKnownFileType = sourcecode.swift; path = Product.swift; sourceTree = "<group>"; };
		304CB7D52B0CF0A500ABBEA9 /* ProductCell.swift */ = {isa = PBXFileReference; lastKnownFileType = sourcecode.swift; path = ProductCell.swift; sourceTree = "<group>"; };
		304CB7D92B0D000F00ABBEA9 /* CatalogViewModel.swift */ = {isa = PBXFileReference; lastKnownFileType = sourcecode.swift; path = CatalogViewModel.swift; sourceTree = "<group>"; };
		304CB7E02B0D1B9000ABBEA9 /* ProductDetailView.swift */ = {isa = PBXFileReference; lastKnownFileType = sourcecode.swift; path = ProductDetailView.swift; sourceTree = "<group>"; };
		3051E6932B0F7CD800575BD5 /* ProductDetailViewModel.swift */ = {isa = PBXFileReference; lastKnownFileType = sourcecode.swift; path = ProductDetailViewModel.swift; sourceTree = "<group>"; };
		30AE46122B0F988500C74BD8 /* BasketViewModel.swift */ = {isa = PBXFileReference; lastKnownFileType = sourcecode.swift; path = BasketViewModel.swift; sourceTree = "<group>"; };
		30AE46152B0F98CB00C74BD8 /* Position.swift */ = {isa = PBXFileReference; lastKnownFileType = sourcecode.swift; path = Position.swift; sourceTree = "<group>"; };
		30AE46182B10D7C000C74BD8 /* PositionCell.swift */ = {isa = PBXFileReference; lastKnownFileType = sourcecode.swift; path = PositionCell.swift; sourceTree = "<group>"; };
		30FD82C82AF52E0300D94BA7 /* AsiaShop.app */ = {isa = PBXFileReference; explicitFileType = wrapper.application; includeInIndex = 0; path = AsiaShop.app; sourceTree = BUILT_PRODUCTS_DIR; };
		30FD82CB2AF52E0300D94BA7 /* AsiaShopApp.swift */ = {isa = PBXFileReference; lastKnownFileType = sourcecode.swift; path = AsiaShopApp.swift; sourceTree = "<group>"; };
		30FD82CD2AF52E0300D94BA7 /* AuthView.swift */ = {isa = PBXFileReference; lastKnownFileType = sourcecode.swift; path = AuthView.swift; sourceTree = "<group>"; };
		30FD82CF2AF52E0E00D94BA7 /* Assets.xcassets */ = {isa = PBXFileReference; lastKnownFileType = folder.assetcatalog; path = Assets.xcassets; sourceTree = "<group>"; };
		30FD82D22AF52E0E00D94BA7 /* Preview Assets.xcassets */ = {isa = PBXFileReference; lastKnownFileType = folder.assetcatalog; path = "Preview Assets.xcassets"; sourceTree = "<group>"; };
		30FD82D42AF52E0E00D94BA7 /* Info.plist */ = {isa = PBXFileReference; lastKnownFileType = text.plist.xml; path = Info.plist; sourceTree = "<group>"; };
/* End PBXFileReference section */

/* Begin PBXFrameworksBuildPhase section */
		30FD82C52AF52E0300D94BA7 /* Frameworks */ = {
			isa = PBXFrameworksBuildPhase;
			buildActionMask = 2147483647;
			files = (
				204358722EDDC5BF007D5116 /* FirebaseAuth in Frameworks */,
				204358752EDDC605007D5116 /* FirebaseFirestore in Frameworks */,
			);
			runOnlyForDeploymentPostprocessing = 0;
		};
/* End PBXFrameworksBuildPhase section */

/* Begin PBXGroup section */
		204358732EDDC605007D5116 /* Frameworks */ = {
			isa = PBXGroup;
			children = (
			);
			name = Frameworks;
			sourceTree = "<group>";
		};
		20DBE8A72B18F589005F3FA7 /* Services */ = {
			isa = PBXGroup;
			children = (
				20DBE8A52B18F584005F3FA7 /* AuthService.swift */,
				209918D92B1CC5D1000A9A86 /* DatabaseService.swift */,
			);
			path = Services;
			sourceTree = "<group>";
		};
		304CB7CA2B0CEF0600ABBEA9 /* Views */ = {
			isa = PBXGroup;
			children = (
				3051E6982B0F837500575BD5 /* Product */,
				3051E6972B0F836800575BD5 /* Auth */,
				3051E6962B0F834200575BD5 /* TabBar */,
			);
			path = Views;
			sourceTree = "<group>";
		};
		304CB7D02B0CF07800ABBEA9 /* Components */ = {
			isa = PBXGroup;
			children = (
				304CB7D52B0CF0A500ABBEA9 /* ProductCell.swift */,
				30AE46182B10D7C000C74BD8 /* PositionCell.swift */,
				203A631D2B26636C00AD5EDA /* OrderCell.swift */,
			);
			path = Components;
			sourceTree = "<group>";
		};
		304CB7D82B0CFFD900ABBEA9 /* Model */ = {
			isa = PBXGroup;
			children = (
				304CB7CB2B0CEF4F00ABBEA9 /* Product.swift */,
				30AE46152B0F98CB00C74BD8 /* Position.swift */,
				209918D72B1CC40C000A9A86 /* Profile.swift */,
				20BE6BF42B20F967009ABA83 /* Order.swift */,
				20BE6BF62B211714009ABA83 /* OrderStatus.swift */,
			);
			name = Model;
			sourceTree = "<group>";
		};
		304CB7DD2B0D001600ABBEA9 /* ViewModel */ = {
			isa = PBXGroup;
			children = (
				304CB7D92B0D000F00ABBEA9 /* CatalogViewModel.swift */,
				3051E6932B0F7CD800575BD5 /* ProductDetailViewModel.swift */,
				30AE46122B0F988500C74BD8 /* BasketViewModel.swift */,
				209918D52B1A3FB6000A9A86 /* MainTapBarViewModel.swift */,
				20A14CBA2B1E7A680068A4CC /* ProfileViewModel.swift */,
			);
			path = ViewModel;
			sourceTree = "<group>";
		};
		3051E6962B0F834200575BD5 /* TabBar */ = {
			isa = PBXGroup;
			children = (
				304CB7BC2B0A572500ABBEA9 /* MainTabBar.swift */,
				304CB7C42B0A60ED00ABBEA9 /* BasketView.swift */,
				304CB7C72B0A610B00ABBEA9 /* ProvileView.swift */,
				304CB7C02B0A60B100ABBEA9 /* CatalogView.swift */,
			);
			path = TabBar;
			sourceTree = "<group>";
		};
		3051E6972B0F836800575BD5 /* Auth */ = {
			isa = PBXGroup;
			children = (
				30FD82CD2AF52E0300D94BA7 /* AuthView.swift */,
			);
			path = Auth;
			sourceTree = "<group>";
		};
		3051E6982B0F837500575BD5 /* Product */ = {
			isa = PBXGroup;
			children = (
				304CB7E02B0D1B9000ABBEA9 /* ProductDetailView.swift */,
				304CB7D02B0CF07800ABBEA9 /* Components */,
			);
			path = Product;
			sourceTree = "<group>";
		};
		30FD82BF2AF52E0300D94BA7 = {
			isa = PBXGroup;
			children = (
				2043586E2EDDBC57007D5116 /* GoogleService-Info.plist */,
				30FD82CA2AF52E0300D94BA7 /* AsiaShop */,
				204358732EDDC605007D5116 /* Frameworks */,
				30FD82C92AF52E0300D94BA7 /* Products */,
			);
			sourceTree = "<group>";
		};
		30FD82C92AF52E0300D94BA7 /* Products */ = {
			isa = PBXGroup;
			children = (
				30FD82C82AF52E0300D94BA7 /* AsiaShop.app */,
			);
			name = Products;
			sourceTree = "<group>";
		};
		30FD82CA2AF52E0300D94BA7 /* AsiaShop */ = {
			isa = PBXGroup;
			children = (
				20DBE8A72B18F589005F3FA7 /* Services */,
				30FD82CB2AF52E0300D94BA7 /* AsiaShopApp.swift */,
				304CB7DD2B0D001600ABBEA9 /* ViewModel */,
				304CB7D82B0CFFD900ABBEA9 /* Model */,
				304CB7CA2B0CEF0600ABBEA9 /* Views */,
				30FD82CF2AF52E0E00D94BA7 /* Assets.xcassets */,
				30FD82D42AF52E0E00D94BA7 /* Info.plist */,
				30FD82D12AF52E0E00D94BA7 /* Preview Content */,
			);
			path = AsiaShop;
			sourceTree = "<group>";
		};
		30FD82D12AF52E0E00D94BA7 /* Preview Content */ = {
			isa = PBXGroup;
			children = (
				30FD82D22AF52E0E00D94BA7 /* Preview Assets.xcassets */,
			);
			path = "Preview Content";
			sourceTree = "<group>";
		};
/* End PBXGroup section */

/* Begin PBXNativeTarget section */
		30FD82C72AF52E0300D94BA7 /* AsiaShop */ = {
			isa = PBXNativeTarget;
			buildConfigurationList = 30FD82D72AF52E0E00D94BA7 /* Build configuration list for PBXNativeTarget "AsiaShop" */;
			buildPhases = (
				30FD82C42AF52E0300D94BA7 /* Sources */,
				30FD82C52AF52E0300D94BA7 /* Frameworks */,
				30FD82C62AF52E0300D94BA7 /* Resources */,
			);
			buildRules = (
			);
			dependencies = (
			);
			name = AsiaShop;
			packageProductDependencies = (
				204358712EDDC5BF007D5116 /* FirebaseAuth */,
				204358742EDDC605007D5116 /* FirebaseFirestore */,
			);
			productName = AsiaShop;
			productReference = 30FD82C82AF52E0300D94BA7 /* AsiaShop.app */;
			productType = "com.apple.product-type.application";
		};
/* End PBXNativeTarget section */

/* Begin PBXProject section */
		30FD82C02AF52E0300D94BA7 /* Project object */ = {
			isa = PBXProject;
			attributes = {
				LastSwiftUpdateCheck = 1230;
				LastUpgradeCheck = 1230;
				TargetAttributes = {
					30FD82C72AF52E0300D94BA7 = {
						CreatedOnToolsVersion = 12.3;
					};
				};
			};
			buildConfigurationList = 30FD82C32AF52E0300D94BA7 /* Build configuration list for PBXProject "AsiaShop" */;
			compatibilityVersion = "Xcode 9.3";
			developmentRegion = en;
			hasScannedForEncodings = 0;
			knownRegions = (
				en,
				Base,
			);
			mainGroup = 30FD82BF2AF52E0300D94BA7;
			packageReferences = (
				204358702EDDC1DC007D5116 /* XCRemoteSwiftPackageReference "firebase-ios-sdk" */,
			);
			productRefGroup = 30FD82C92AF52E0300D94BA7 /* Products */;
			projectDirPath = "";
			projectRoot = "";
			targets = (
				30FD82C72AF52E0300D94BA7 /* AsiaShop */,
			);
		};
/* End PBXProject section */

/* Begin PBXResourcesBuildPhase section */
		30FD82C62AF52E0300D94BA7 /* Resources */ = {
			isa = PBXResourcesBuildPhase;
			buildActionMask = 2147483647;
			files = (
				30FD82D32AF52E0E00D94BA7 /* Preview Assets.xcassets in Resources */,
				30FD82D02AF52E0E00D94BA7 /* Assets.xcassets in Resources */,
				2043586F2EDDBC57007D5116 /* GoogleService-Info.plist in Resources */,
			);
			runOnlyForDeploymentPostprocessing = 0;
		};
/* End PBXResourcesBuildPhase section */

/* Begin PBXSourcesBuildPhase section */
		30FD82C42AF52E0300D94BA7 /* Sources */ = {
			isa = PBXSourcesBuildPhase;
			buildActionMask = 2147483647;
			files = (
				209918DA2B1CC5D1000A9A86 /* DatabaseService.swift in Sources */,
				20A14CBB2B1E7A680068A4CC /* ProfileViewModel.swift in Sources */,
				20BE6BF52B20F967009ABA83 /* Order.swift in Sources */,
				209918D82B1CC40C000A9A86 /* Profile.swift in Sources */,
				304CB7C52B0A60ED00ABBEA9 /* BasketView.swift in Sources */,
				304CB7E12B0D1B9000ABBEA9 /* ProductDetailView.swift in Sources */,
				304CB7BD2B0A572500ABBEA9 /* MainTabBar.swift in Sources */,
				30FD82CE2AF52E0300D94BA7 /* AuthView.swift in Sources */,
				304CB7C12B0A60B100ABBEA9 /* CatalogView.swift in Sources */,
				3051E6942B0F7CD800575BD5 /* ProductDetailViewModel.swift in Sources */,
				30AE46192B10D7C000C74BD8 /* PositionCell.swift in Sources */,
				304CB7C82B0A610B00ABBEA9 /* ProvileView.swift in Sources */,
				203A631E2B26636C00AD5EDA /* OrderCell.swift in Sources */,
				20BE6BF72B211714009ABA83 /* OrderStatus.swift in Sources */,
				30AE46162B0F98CB00C74BD8 /* Position.swift in Sources */,
				304CB7D62B0CF0A500ABBEA9 /* ProductCell.swift in Sources */,
				30FD82CC2AF52E0300D94BA7 /* AsiaShopApp.swift in Sources */,
				304CB7CC2B0CEF4F00ABBEA9 /* Product.swift in Sources */,
				20DBE8A62B18F584005F3FA7 /* AuthService.swift in Sources */,
				30AE46132B0F988500C74BD8 /* BasketViewModel.swift in Sources */,
				304CB7DA2B0D000F00ABBEA9 /* CatalogViewModel.swift in Sources */,
				209918D62B1A3FB6000A9A86 /* MainTapBarViewModel.swift in Sources */,
			);
			runOnlyForDeploymentPostprocessing = 0;
		};
/* End PBXSourcesBuildPhase section */

/* Begin XCBuildConfiguration section */
		30FD82D52AF52E0E00D94BA7 /* Debug */ = {
			isa = XCBuildConfiguration;
			buildSettings = {
				ALWAYS_SEARCH_USER_PATHS = NO;
				CLANG_ANALYZER_NONNULL = YES;
				CLANG_ANALYZER_NUMBER_OBJECT_CONVERSION = YES_AGGRESSIVE;
				CLANG_CXX_LANGUAGE_STANDARD = "gnu++14";
				CLANG_CXX_LIBRARY = "libc++";
				CLANG_ENABLE_MODULES = YES;
				CLANG_ENABLE_OBJC_ARC = YES;
				CLANG_ENABLE_OBJC_WEAK = YES;
				CLANG_WARN_BLOCK_CAPTURE_AUTORELEASING = YES;
				CLANG_WARN_BOOL_CONVERSION = YES;
				CLANG_WARN_COMMA = YES;
				CLANG_WARN_CONSTANT_CONVERSION = YES;
				CLANG_WARN_DEPRECATED_OBJC_IMPLEMENTATIONS = YES;
				CLANG_WARN_DIRECT_OBJC_ISA_USAGE = YES_ERROR;
				CLANG_WARN_DOCUMENTATION_COMMENTS = YES;
				CLANG_WARN_EMPTY_BODY = YES;
				CLANG_WARN_ENUM_CONVERSION = YES;
				CLANG_WARN_INFINITE_RECURSION = YES;
				CLANG_WARN_INT_CONVERSION = YES;
				CLANG_WARN_NON_LITERAL_NULL_CONVERSION = YES;
				CLANG_WARN_OBJC_IMPLICIT_RETAIN_SELF = YES;
				CLANG_WARN_OBJC_LITERAL_CONVERSION = YES;
				CLANG_WARN_OBJC_ROOT_CLASS = YES_ERROR;
				CLANG_WARN_QUOTED_INCLUDE_IN_FRAMEWORK_HEADER = YES;
				CLANG_WARN_RANGE_LOOP_ANALYSIS = YES;
				CLANG_WARN_STRICT_PROTOTYPES = YES;
				CLANG_WARN_SUSPICIOUS_MOVE = YES;
				CLANG_WARN_UNGUARDED_AVAILABILITY = YES_AGGRESSIVE;
				CLANG_WARN_UNREACHABLE_CODE = YES;
				CLANG_WARN__DUPLICATE_METHOD_MATCH = YES;
				COPY_PHASE_STRIP = NO;
				DEBUG_INFORMATION_FORMAT = dwarf;
				ENABLE_STRICT_OBJC_MSGSEND = YES;
				ENABLE_TESTABILITY = YES;
				GCC_C_LANGUAGE_STANDARD = gnu11;
				GCC_DYNAMIC_NO_PIC = NO;
				GCC_NO_COMMON_BLOCKS = YES;
				GCC_OPTIMIZATION_LEVEL = 0;
				GCC_PREPROCESSOR_DEFINITIONS = (
					"DEBUG=1",
					"$(inherited)",
				);
				GCC_WARN_64_TO_32_BIT_CONVERSION = YES;
				GCC_WARN_ABOUT_RETURN_TYPE = YES_ERROR;
				GCC_WARN_UNDECLARED_SELECTOR = YES;
				GCC_WARN_UNINITIALIZED_AUTOS = YES_AGGRESSIVE;
				GCC_WARN_UNUSED_FUNCTION = YES;
				GCC_WARN_UNUSED_VARIABLE = YES;
				IPHONEOS_DEPLOYMENT_TARGET = 15.0;
				MTL_ENABLE_DEBUG_INFO = INCLUDE_SOURCE;
				MTL_FAST_MATH = YES;
				ONLY_ACTIVE_ARCH = YES;
				SDKROOT = iphoneos;
				SWIFT_ACTIVE_COMPILATION_CONDITIONS = DEBUG;
				SWIFT_OPTIMIZATION_LEVEL = "-Onone";
			};
			name = Debug;
		};
		30FD82D62AF52E0E00D94BA7 /* Release */ = {
			isa = XCBuildConfiguration;
			buildSettings = {
				ALWAYS_SEARCH_USER_PATHS = NO;
				CLANG_ANALYZER_NONNULL = YES;
				CLANG_ANALYZER_NUMBER_OBJECT_CONVERSION = YES_AGGRESSIVE;
				CLANG_CXX_LANGUAGE_STANDARD = "gnu++14";
				CLANG_CXX_LIBRARY = "libc++";
				CLANG_ENABLE_MODULES = YES;
				CLANG_ENABLE_OBJC_ARC = YES;
				CLANG_ENABLE_OBJC_WEAK = YES;
				CLANG_WARN_BLOCK_CAPTURE_AUTORELEASING = YES;
				CLANG_WARN_BOOL_CONVERSION = YES;
				CLANG_WARN_COMMA = YES;
				CLANG_WARN_CONSTANT_CONVERSION = YES;
				CLANG_WARN_DEPRECATED_OBJC_IMPLEMENTATIONS = YES;
				CLANG_WARN_DIRECT_OBJC_ISA_USAGE = YES_ERROR;
				CLANG_WARN_DOCUMENTATION_COMMENTS = YES;
				CLANG_WARN_EMPTY_BODY = YES;
				CLANG_WARN_ENUM_CONVERSION = YES;
				CLANG_WARN_INFINITE_RECURSION = YES;
				CLANG_WARN_INT_CONVERSION = YES;
				CLANG_WARN_NON_LITERAL_NULL_CONVERSION = YES;
				CLANG_WARN_OBJC_IMPLICIT_RETAIN_SELF = YES;
				CLANG_WARN_OBJC_LITERAL_CONVERSION = YES;
				CLANG_WARN_OBJC_ROOT_CLASS = YES_ERROR;
				CLANG_WARN_QUOTED_INCLUDE_IN_FRAMEWORK_HEADER = YES;
				CLANG_WARN_RANGE_LOOP_ANALYSIS = YES;
				CLANG_WARN_STRICT_PROTOTYPES = YES;
				CLANG_WARN_SUSPICIOUS_MOVE = YES;
				CLANG_WARN_UNGUARDED_AVAILABILITY = YES_AGGRESSIVE;
				CLANG_WARN_UNREACHABLE_CODE = YES;
				CLANG_WARN__DUPLICATE_METHOD_MATCH = YES;
				COPY_PHASE_STRIP = NO;
				DEBUG_INFORMATION_FORMAT = "dwarf-with-dsym";
				ENABLE_NS_ASSERTIONS = NO;
				ENABLE_STRICT_OBJC_MSGSEND = YES;
				GCC_C_LANGUAGE_STANDARD = gnu11;
				GCC_NO_COMMON_BLOCKS = YES;
				GCC_WARN_64_TO_32_BIT_CONVERSION = YES;
				GCC_WARN_ABOUT_RETURN_TYPE = YES_ERROR;
				GCC_WARN_UNDECLARED_SELECTOR = YES;
				GCC_WARN_UNINITIALIZED_AUTOS = YES_AGGRESSIVE;
				GCC_WARN_UNUSED_FUNCTION = YES;
				GCC_WARN_UNUSED_VARIABLE = YES;
				IPHONEOS_DEPLOYMENT_TARGET = 15.0;
				MTL_ENABLE_DEBUG_INFO = NO;
				MTL_FAST_MATH = YES;
				SDKROOT = iphoneos;
				SWIFT_COMPILATION_MODE = wholemodule;
				SWIFT_OPTIMIZATION_LEVEL = "-O";
				VALIDATE_PRODUCT = YES;
			};
			name = Release;
		};
		30FD82D82AF52E0E00D94BA7 /* Debug */ = {
			isa = XCBuildConfiguration;
			buildSettings = {
				ASSETCATALOG_COMPILER_APPICON_NAME = AppIcon;
				ASSETCATALOG_COMPILER_GLOBAL_ACCENT_COLOR_NAME = AccentColor;
				CODE_SIGN_STYLE = Automatic;
				DEVELOPMENT_ASSET_PATHS = "\"AsiaShop/Preview Content\"";
				ENABLE_PREVIEWS = YES;
				INFOPLIST_FILE = AsiaShop/Info.plist;
				IPHONEOS_DEPLOYMENT_TARGET = 15.0;
				LD_RUNPATH_SEARCH_PATHS = (
					"$(inherited)",
					"@executable_path/Frameworks",
				);
				PRODUCT_BUNDLE_IDENTIFIER = Roman.AsiaShop;
				PRODUCT_NAME = "$(TARGET_NAME)";
				SWIFT_VERSION = 5.0;
				TARGETED_DEVICE_FAMILY = "1,2";
			};
			name = Debug;
		};
		30FD82D92AF52E0E00D94BA7 /* Release */ = {
			isa = XCBuildConfiguration;
			buildSettings = {
				ASSETCATALOG_COMPILER_APPICON_NAME = AppIcon;
				ASSETCATALOG_COMPILER_GLOBAL_ACCENT_COLOR_NAME = AccentColor;
				CODE_SIGN_STYLE = Automatic;
				DEVELOPMENT_ASSET_PATHS = "\"AsiaShop/Preview Content\"";
				ENABLE_PREVIEWS = YES;
				INFOPLIST_FILE = AsiaShop/Info.plist;
				IPHONEOS_DEPLOYMENT_TARGET = 15.0;
				LD_RUNPATH_SEARCH_PATHS = (
					"$(inherited)",
					"@executable_path/Frameworks",
				);
				PRODUCT_BUNDLE_IDENTIFIER = Roman.AsiaShop;
				PRODUCT_NAME = "$(TARGET_NAME)";
				SWIFT_VERSION = 5.0;
				TARGETED_DEVICE_FAMILY = "1,2";
			};
			name = Release;
		};
/* End XCBuildConfiguration section */

/* Begin XCConfigurationList section */
		30FD82C32AF52E0300D94BA7 /* Build configuration list for PBXProject "AsiaShop" */ = {
			isa = XCConfigurationList;
			buildConfigurations = (
				30FD82D52AF52E0E00D94BA7 /* Debug */,
				30FD82D62AF52E0E00D94BA7 /* Release */,
			);
			defaultConfigurationIsVisible = 0;
			defaultConfigurationName = Release;
		};
		30FD82D72AF52E0E00D94BA7 /* Build configuration list for PBXNativeTarget "AsiaShop" */ = {
			isa = XCConfigurationList;
			buildConfigurations = (
				30FD82D82AF52E0E00D94BA7 /* Debug */,
				30FD82D92AF52E0E00D94BA7 /* Release */,
			);
			defaultConfigurationIsVisible = 0;
			defaultConfigurationName = Release;
		};
/* End XCConfigurationList section */

/* Begin XCRemoteSwiftPackageReference section */
		204358702EDDC1DC007D5116 /* XCRemoteSwiftPackageReference "firebase-ios-sdk" */ = {
			isa = XCRemoteSwiftPackageReference;
			repositoryURL = "https://github.com/firebase/firebase-ios-sdk";
			requirement = {
				kind = upToNextMajorVersion;
				minimumVersion = 12.6.0;
			};
		};
/* End XCRemoteSwiftPackageReference section */

/* Begin XCSwiftPackageProductDependency section */
		204358712EDDC5BF007D5116 /* FirebaseAuth */ = {
			isa = XCSwiftPackageProductDependency;
			package = 204358702EDDC1DC007D5116 /* XCRemoteSwiftPackageReference "firebase-ios-sdk" */;
			productName = FirebaseAuth;
		};
		204358742EDDC605007D5116 /* FirebaseFirestore */ = {
			isa = XCSwiftPackageProductDependency;
			package = 204358702EDDC1DC007D5116 /* XCRemoteSwiftPackageReference "firebase-ios-sdk" */;
			productName = FirebaseFirestore;
		};
/* End XCSwiftPackageProductDependency section */
	};
	rootObject = 30FD82C02AF52E0300D94BA7 /* Project object */;
}
